
Microsoft Visual Studio Solution File, Format Version 12.00
# Visual Studio Version 16
VisualStudioVersion = 16.0.30517.126
MinimumVisualStudioVersion = 10.0.40219.1
Project("{FAE04EC0-301F-11D3-BF4B-00C04F79EFBC}") = "CourseWorkDB", "CourseWorkDB.csproj", "{2DE330C6-AC55-4F31-9EB1-88AB6C070984}"
EndProject
Project("{FAE04EC0-301F-11D3-BF4B-00C04F79EFBC}") = "Site", "..\Site\Site.csproj", "{9E08E22A-56BF-4E19-BB1E-B8B5C1F94B92}"
EndProject
Global
	GlobalSection(SolutionConfigurationPlatforms) = preSolution
		Debug|Any CPU = Debug|Any CPU
		Release|Any CPU = Release|Any CPU
	EndGlobalSection
	GlobalSection(ProjectConfigurationPlatforms) = postSolution
		{2DE330C6-AC55-4F31-9EB1-88AB6C070984}.Debug|Any CPU.ActiveCfg = Debug|Any CPU
		{2DE330C6-AC55-4F31-9EB1-88AB6C070984}.Debug|Any CPU.Build.0 = Debug|Any CPU
		{2DE330C6-AC55-4F31-9EB1-88AB6C070984}.Release|Any CPU.ActiveCfg = Release|Any CPU
		{2DE330C6-AC55-4F31-9EB1-88AB6C070984}.Release|Any CPU.Build.0 = Release|Any CPU
		{9E08E22A-56BF-4E19-BB1E-B8B5C1F94B92}.Debug|Any CPU.ActiveCfg = Debug|Any CPU
		{9E08E22A-56BF-4E19-BB1E-B8B5C1F94B92}.Debug|Any CPU.Build.0 = Debug|Any CPU
		{9E08E22A-56BF-4E19-BB1E-B8B5C1F94B92}.Release|Any CPU.ActiveCfg = Release|Any CPU
		{9E08E22A-56BF-4E19-BB1E-B8B5C1F94B92}.Release|Any CPU.Build.0 = Release|Any CPU
	EndGlobalSection
	GlobalSection(SolutionProperties) = preSolution
		HideSolutionNode = FALSE
	EndGlobalSection
	GlobalSection(ExtensibilityGlobals) = postSolution
		SolutionGuid = {A68FA959-6367-446F-8F9D-D63FC1C556B7}
	EndGlobalSection
EndGlobal
